
Microsoft Visual Studio Solution File, Format Version 12.00
# Visual Studio Version 18
VisualStudioVersion = 18.2.11415.280
MinimumVisualStudioVersion = 10.0.40219.1
Project("{FAE04EC0-301F-11D3-BF4B-00C04F79EFBC}") = "RenderingEngine", "Engine\RenderingEngine.csproj", "{D96751E2-068D-4B83-B6AF-B295FA2EFC74}"
EndProject
Project("{FAE04EC0-301F-11D3-BF4B-00C04F79EFBC}") = "Benchmark", "Benchmark\Benchmark.csproj", "{65A8132C-FCD9-4820-901C-D868941B221E}"
EndProject
Project("{2150E333-8FDC-42A3-9474-1A3956D46DE8}") = "Solution Items", "Solution Items", "{02EA681E-C7D8-13C7-8484-4AC65E1B71E8}"
	ProjectSection(SolutionItems) = preProject
		.editorconfig = .editorconfig
	EndProjectSection
EndProject
Project("{FAE04EC0-301F-11D3-BF4B-00C04F79EFBC}") = "Tests", "Tests\Tests.csproj", "{D0979230-893A-4B06-BEBD-17A3BE4A447F}"
EndProject
Project("{FAE04EC0-301F-11D3-BF4B-00C04F79EFBC}") = "SoftwareRenderer", "SoftwareRenderer\SoftwareRenderer.csproj", "{6E24253F-093E-417F-81EA-C928697FA6D5}"
EndProject
Project("{FAE04EC0-301F-11D3-BF4B-00C04F79EFBC}") = "DoomAssetLoader", "DoomAssetLoader\DoomAssetLoader.csproj", "{25C12750-7E48-3688-EB74-5851E8F54DF4}"
EndProject
Project("{FAE04EC0-301F-11D3-BF4B-00C04F79EFBC}") = "BuildAssetLoader", "BuildAssetLoader\BuildAssetLoader.csproj", "{0DDA5F06-B4F8-4275-BE3B-A2EA1EEC8DD3}"
EndProject
Project("{FAE04EC0-301F-11D3-BF4B-00C04F79EFBC}") = "SoftwareRendererModels", "SoftwareRendererModels\SoftwareRendererModels.csproj", "{1A5C50FB-A945-4B2E-AA4E-064B61C100A9}"
EndProject
Project("{FAE04EC0-301F-11D3-BF4B-00C04F79EFBC}") = "Tooling", "Tooling\Tooling.csproj", "{6297CA51-619D-4C49-9B5E-7901834A7696}"
EndProject
Global
	GlobalSection(SolutionConfigurationPlatforms) = preSolution
		Debug|Any CPU = Debug|Any CPU
		Release|Any CPU = Release|Any CPU
	EndGlobalSection
	GlobalSection(ProjectConfigurationPlatforms) = postSolution
		{D96751E2-068D-4B83-B6AF-B295FA2EFC74}.Debug|Any CPU.ActiveCfg = Debug|Any CPU
		{D96751E2-068D-4B83-B6AF-B295FA2EFC74}.Debug|Any CPU.Build.0 = Debug|Any CPU
		{D96751E2-068D-4B83-B6AF-B295FA2EFC74}.Release|Any CPU.ActiveCfg = Release|Any CPU
		{D96751E2-068D-4B83-B6AF-B295FA2EFC74}.Release|Any CPU.Build.0 = Release|Any CPU
		{65A8132C-FCD9-4820-901C-D868941B221E}.Debug|Any CPU.ActiveCfg = Debug|Any CPU
		{65A8132C-FCD9-4820-901C-D868941B221E}.Debug|Any CPU.Build.0 = Debug|Any CPU
		{65A8132C-FCD9-4820-901C-D868941B221E}.Release|Any CPU.ActiveCfg = Release|Any CPU
		{65A8132C-FCD9-4820-901C-D868941B221E}.Release|Any CPU.Build.0 = Release|Any CPU
		{D0979230-893A-4B06-BEBD-17A3BE4A447F}.Debug|Any CPU.ActiveCfg = Debug|Any CPU
		{D0979230-893A-4B06-BEBD-17A3BE4A447F}.Debug|Any CPU.Build.0 = Debug|Any CPU
		{D0979230-893A-4B06-BEBD-17A3BE4A447F}.Release|Any CPU.ActiveCfg = Release|Any CPU
		{D0979230-893A-4B06-BEBD-17A3BE4A447F}.Release|Any CPU.Build.0 = Release|Any CPU
		{6E24253F-093E-417F-81EA-C928697FA6D5}.Debug|Any CPU.ActiveCfg = Debug|Any CPU
		{6E24253F-093E-417F-81EA-C928697FA6D5}.Debug|Any CPU.Build.0 = Debug|Any CPU
		{6E24253F-093E-417F-81EA-C928697FA6D5}.Release|Any CPU.ActiveCfg = Release|Any CPU
		{6E24253F-093E-417F-81EA-C928697FA6D5}.Release|Any CPU.Build.0 = Release|Any CPU
		{25C12750-7E48-3688-EB74-5851E8F54DF4}.Debug|Any CPU.ActiveCfg = Debug|Any CPU
		{25C12750-7E48-3688-EB74-5851E8F54DF4}.Debug|Any CPU.Build.0 = Debug|Any CPU
		{25C12750-7E48-3688-EB74-5851E8F54DF4}.Release|Any CPU.ActiveCfg = Release|Any CPU
		{25C12750-7E48-3688-EB74-5851E8F54DF4}.Release|Any CPU.Build.0 = Release|Any CPU
		{0DDA5F06-B4F8-4275-BE3B-A2EA1EEC8DD3}.Debug|Any CPU.ActiveCfg = Debug|Any CPU
		{0DDA5F06-B4F8-4275-BE3B-A2EA1EEC8DD3}.Debug|Any CPU.Build.0 = Debug|Any CPU
		{0DDA5F06-B4F8-4275-BE3B-A2EA1EEC8DD3}.Release|Any CPU.ActiveCfg = Release|Any CPU
		{0DDA5F06-B4F8-4275-BE3B-A2EA1EEC8DD3}.Release|Any CPU.Build.0 = Release|Any CPU
		{1A5C50FB-A945-4B2E-AA4E-064B61C100A9}.Debug|Any CPU.ActiveCfg = Debug|Any CPU
		{1A5C50FB-A945-4B2E-AA4E-064B61C100A9}.Debug|Any CPU.Build.0 = Debug|Any CPU
		{1A5C50FB-A945-4B2E-AA4E-064B61C100A9}.Release|Any CPU.ActiveCfg = Release|Any CPU
		{1A5C50FB-A945-4B2E-AA4E-064B61C100A9}.Release|Any CPU.Build.0 = Release|Any CPU
		{6297CA51-619D-4C49-9B5E-7901834A7696}.Debug|Any CPU.ActiveCfg = Debug|Any CPU
		{6297CA51-619D-4C49-9B5E-7901834A7696}.Debug|Any CPU.Build.0 = Debug|Any CPU
		{6297CA51-619D-4C49-9B5E-7901834A7696}.Release|Any CPU.ActiveCfg = Release|Any CPU
		{6297CA51-619D-4C49-9B5E-7901834A7696}.Release|Any CPU.Build.0 = Release|Any CPU
	EndGlobalSection
	GlobalSection(SolutionProperties) = preSolution
		HideSolutionNode = FALSE
	EndGlobalSection
	GlobalSection(ExtensibilityGlobals) = postSolution
		SolutionGuid = {DEF14A65-E564-4F7C-95AE-9C9DC2A1B708}
	EndGlobalSection
EndGlobal
